{
  "name": "mdi-paths-split",
  "version": "5.9.57",
  "lockfileVersion": 2,
  "requires": true,
  "packages": {
    "": {
      "name": "mdi-paths-split",
      "version": "5.9.57",
      "license": "MIT",
      "devDependencies": {
        "@mdi/svg": "5.9.55"
      }
    },
    "node_modules/@mdi/svg": {
      "version": "5.9.55",
      "resolved": "https://registry.npmjs.org/@mdi/svg/-/svg-5.9.55.tgz",
      "integrity": "sha512-gO0ZpKIeCn9vFg46QduK9MM+n1fuCNwSdcdlBTtbafnnuvwLveK2uj+byhdLtg/8VJGXDhp+DJ35QUMbeWeULA==",
      "dev": true
    }
  },
  "dependencies": {
    "@mdi/svg": {
      "version": "5.9.55",
      "resolved": "https://registry.npmjs.org/@mdi/svg/-/svg-5.9.55.tgz",
      "integrity": "sha512-gO0ZpKIeCn9vFg46QduK9MM+n1fuCNwSdcdlBTtbafnnuvwLveK2uj+byhdLtg/8VJGXDhp+DJ35QUMbeWeULA==",
      "dev": true
    }
  }
}
